// !$*UTF8*$!
{
	archiveVersion = 1;
	classes = {
	};
	objectVersion = 55;
	objects = {

/* Begin PBXBuildFile section */
		DAB3541D288E344800746490 /* ExpressApp.swift in Sources */ = {isa = PBXBuildFile; fileRef = DAB3541C288E344800746490 /* ExpressApp.swift */; };
		DAB3541F288E344800746490 /* ContentView.swift in Sources */ = {isa = PBXBuildFile; fileRef = DAB3541E288E344800746490 /* ContentView.swift */; };
		DAB35421288E344900746490 /* Assets.xcassets in Resources */ = {isa = PBXBuildFile; fileRef = DAB35420288E344900746490 /* Assets.xcassets */; };
		DAB35424288E344900746490 /* Preview Assets.xcassets in Resources */ = {isa = PBXBuildFile; fileRef = DAB35423288E344900746490 /* Preview Assets.xcassets */; };
		DAB3542C288E34DA00746490 /* Environments.swift in Sources */ = {isa = PBXBuildFile; fileRef = DAB3542B288E34DA00746490 /* Environments.swift */; };
		DAB35432288F3A0D00746490 /* SwiftHexTools in Frameworks */ = {isa = PBXBuildFile; productRef = DAB35431288F3A0D00746490 /* SwiftHexTools */; };
		DAB35435288F3A2A00746490 /* Gardener in Frameworks */ = {isa = PBXBuildFile; productRef = DAB35434288F3A2A00746490 /* Gardener */; };
		DAB35438288F3A4400746490 /* FluentSQLiteDriver in Frameworks */ = {isa = PBXBuildFile; productRef = DAB35437288F3A4400746490 /* FluentSQLiteDriver */; };
		DAB3543B288F3A6500746490 /* Fluent in Frameworks */ = {isa = PBXBuildFile; productRef = DAB3543A288F3A6500746490 /* Fluent */; };
		DAB3543E288F3A6E00746490 /* Datable in Frameworks */ = {isa = PBXBuildFile; productRef = DAB3543D288F3A6E00746490 /* Datable */; };
/* End PBXBuildFile section */

/* Begin PBXFileReference section */
		DAB35419288E344800746490 /* Express.app */ = {isa = PBXFileReference; explicitFileType = wrapper.application; includeInIndex = 0; path = Express.app; sourceTree = BUILT_PRODUCTS_DIR; };
		DAB3541C288E344800746490 /* ExpressApp.swift */ = {isa = PBXFileReference; lastKnownFileType = sourcecode.swift; path = ExpressApp.swift; sourceTree = "<group>"; };
		DAB3541E288E344800746490 /* ContentView.swift */ = {isa = PBXFileReference; lastKnownFileType = sourcecode.swift; path = ContentView.swift; sourceTree = "<group>"; };
		DAB35420288E344900746490 /* Assets.xcassets */ = {isa = PBXFileReference; lastKnownFileType = folder.assetcatalog; path = Assets.xcassets; sourceTree = "<group>"; };
		DAB35423288E344900746490 /* Preview Assets.xcassets */ = {isa = PBXFileReference; lastKnownFileType = folder.assetcatalog; path = "Preview Assets.xcassets"; sourceTree = "<group>"; };
		DAB35425288E344900746490 /* Express.entitlements */ = {isa = PBXFileReference; lastKnownFileType = text.plist.entitlements; path = Express.entitlements; sourceTree = "<group>"; };
		DAB3542B288E34DA00746490 /* Environments.swift */ = {isa = PBXFileReference; lastKnownFileType = sourcecode.swift; path = Environments.swift; sourceTree = "<group>"; };
/* End PBXFileReference section */

/* Begin PBXFrameworksBuildPhase section */
		DAB35416288E344800746490 /* Frameworks */ = {
			isa = PBXFrameworksBuildPhase;
			buildActionMask = 2147483647;
			files = (
				DAB3543E288F3A6E00746490 /* Datable in Frameworks */,
				DAB3543B288F3A6500746490 /* Fluent in Frameworks */,
				DAB35432288F3A0D00746490 /* SwiftHexTools in Frameworks */,
				DAB35435288F3A2A00746490 /* Gardener in Frameworks */,
				DAB35438288F3A4400746490 /* FluentSQLiteDriver in Frameworks */,
			);
			runOnlyForDeploymentPostprocessing = 0;
		};
/* End PBXFrameworksBuildPhase section */

/* Begin PBXGroup section */
		DAB35410288E344800746490 = {
			isa = PBXGroup;
			children = (
				DAB3541B288E344800746490 /* Express */,
				DAB3541A288E344800746490 /* Products */,
			);
			sourceTree = "<group>";
		};
		DAB3541A288E344800746490 /* Products */ = {
			isa = PBXGroup;
			children = (
				DAB35419288E344800746490 /* Express.app */,
			);
			name = Products;
			sourceTree = "<group>";
		};
		DAB3541B288E344800746490 /* Express */ = {
			isa = PBXGroup;
			children = (
				DAB3541C288E344800746490 /* ExpressApp.swift */,
				DAB3541E288E344800746490 /* ContentView.swift */,
				DAB3542B288E34DA00746490 /* Environments.swift */,
				DAB35420288E344900746490 /* Assets.xcassets */,
				DAB35425288E344900746490 /* Express.entitlements */,
				DAB35422288E344900746490 /* Preview Content */,
			);
			path = Express;
			sourceTree = "<group>";
		};
		DAB35422288E344900746490 /* Preview Content */ = {
			isa = PBXGroup;
			children = (
				DAB35423288E344900746490 /* Preview Assets.xcassets */,
			);
			path = "Preview Content";
			sourceTree = "<group>";
		};
/* End PBXGroup section */

/* Begin PBXNativeTarget section */
		DAB35418288E344800746490 /* Express */ = {
			isa = PBXNativeTarget;
			buildConfigurationList = DAB35428288E344900746490 /* Build configuration list for PBXNativeTarget "Express" */;
			buildPhases = (
				DAB35415288E344800746490 /* Sources */,
				DAB35416288E344800746490 /* Frameworks */,
				DAB35417288E344800746490 /* Resources */,
			);
			buildRules = (
			);
			dependencies = (
			);
			name = Express;
			packageProductDependencies = (
				DAB35431288F3A0D00746490 /* SwiftHexTools */,
				DAB35434288F3A2A00746490 /* Gardener */,
				DAB35437288F3A4400746490 /* FluentSQLiteDriver */,
				DAB3543A288F3A6500746490 /* Fluent */,
				DAB3543D288F3A6E00746490 /* Datable */,
			);
			productName = Express;
			productReference = DAB35419288E344800746490 /* Express.app */;
			productType = "com.apple.product-type.application";
		};
/* End PBXNativeTarget section */

/* Begin PBXProject section */
		DAB35411288E344800746490 /* Project object */ = {
			isa = PBXProject;
			attributes = {
				BuildIndependentTargetsInParallel = 1;
				LastSwiftUpdateCheck = 1340;
				LastUpgradeCheck = 1340;
				TargetAttributes = {
					DAB35418288E344800746490 = {
						CreatedOnToolsVersion = 13.4.1;
					};
				};
			};
			buildConfigurationList = DAB35414288E344800746490 /* Build configuration list for PBXProject "Express" */;
			compatibilityVersion = "Xcode 13.0";
			developmentRegion = en;
			hasScannedForEncodings = 0;
			knownRegions = (
				en,
				Base,
			);
			mainGroup = DAB35410288E344800746490;
			packageReferences = (
				DAB35430288F3A0D00746490 /* XCRemoteSwiftPackageReference "SwiftHexTools" */,
				DAB35433288F3A2A00746490 /* XCRemoteSwiftPackageReference "Gardener" */,
				DAB35436288F3A4400746490 /* XCRemoteSwiftPackageReference "fluent-sqlite-driver" */,
				DAB35439288F3A6500746490 /* XCRemoteSwiftPackageReference "fluent" */,
				DAB3543C288F3A6E00746490 /* XCRemoteSwiftPackageReference "Datable" */,
			);
			productRefGroup = DAB3541A288E344800746490 /* Products */;
			projectDirPath = "";
			projectRoot = "";
			targets = (
				DAB35418288E344800746490 /* Express */,
			);
		};
/* End PBXProject section */

/* Begin PBXResourcesBuildPhase section */
		DAB35417288E344800746490 /* Resources */ = {
			isa = PBXResourcesBuildPhase;
			buildActionMask = 2147483647;
			files = (
				DAB35424288E344900746490 /* Preview Assets.xcassets in Resources */,
				DAB35421288E344900746490 /* Assets.xcassets in Resources */,
			);
			runOnlyForDeploymentPostprocessing = 0;
		};
/* End PBXResourcesBuildPhase section */

/* Begin PBXSourcesBuildPhase section */
		DAB35415288E344800746490 /* Sources */ = {
			isa = PBXSourcesBuildPhase;
			buildActionMask = 2147483647;
			files = (
				DAB3542C288E34DA00746490 /* Environments.swift in Sources */,
				DAB3541F288E344800746490 /* ContentView.swift in Sources */,
				DAB3541D288E344800746490 /* ExpressApp.swift in Sources */,
			);
			runOnlyForDeploymentPostprocessing = 0;
		};
/* End PBXSourcesBuildPhase section */

/* Begin XCBuildConfiguration section */
		DAB35426288E344900746490 /* Debug */ = {
			isa = XCBuildConfiguration;
			buildSettings = {
				ALWAYS_SEARCH_USER_PATHS = NO;
				CLANG_ANALYZER_NONNULL = YES;
				CLANG_ANALYZER_NUMBER_OBJECT_CONVERSION = YES_AGGRESSIVE;
				CLANG_CXX_LANGUAGE_STANDARD = "gnu++17";
				CLANG_ENABLE_MODULES = YES;
				CLANG_ENABLE_OBJC_ARC = YES;
				CLANG_ENABLE_OBJC_WEAK = YES;
				CLANG_WARN_BLOCK_CAPTURE_AUTORELEASING = YES;
				CLANG_WARN_BOOL_CONVERSION = YES;
				CLANG_WARN_COMMA = YES;
				CLANG_WARN_CONSTANT_CONVERSION = YES;
				CLANG_WARN_DEPRECATED_OBJC_IMPLEMENTATIONS = YES;
				CLANG_WARN_DIRECT_OBJC_ISA_USAGE = YES_ERROR;
				CLANG_WARN_DOCUMENTATION_COMMENTS = YES;
				CLANG_WARN_EMPTY_BODY = YES;
				CLANG_WARN_ENUM_CONVERSION = YES;
				CLANG_WARN_INFINITE_RECURSION = YES;
				CLANG_WARN_INT_CONVERSION = YES;
				CLANG_WARN_NON_LITERAL_NULL_CONVERSION = YES;
				CLANG_WARN_OBJC_IMPLICIT_RETAIN_SELF = YES;
				CLANG_WARN_OBJC_LITERAL_CONVERSION = YES;
				CLANG_WARN_OBJC_ROOT_CLASS = YES_ERROR;
				CLANG_WARN_QUOTED_INCLUDE_IN_FRAMEWORK_HEADER = YES;
				CLANG_WARN_RANGE_LOOP_ANALYSIS = YES;
				CLANG_WARN_STRICT_PROTOTYPES = YES;
				CLANG_WARN_SUSPICIOUS_MOVE = YES;
				CLANG_WARN_UNGUARDED_AVAILABILITY = YES_AGGRESSIVE;
				CLANG_WARN_UNREACHABLE_CODE = YES;
				CLANG_WARN__DUPLICATE_METHOD_MATCH = YES;
				COPY_PHASE_STRIP = NO;
				DEBUG_INFORMATION_FORMAT = dwarf;
				ENABLE_STRICT_OBJC_MSGSEND = YES;
				ENABLE_TESTABILITY = YES;
				GCC_C_LANGUAGE_STANDARD = gnu11;
				GCC_DYNAMIC_NO_PIC = NO;
				GCC_NO_COMMON_BLOCKS = YES;
				GCC_OPTIMIZATION_LEVEL = 0;
				GCC_PREPROCESSOR_DEFINITIONS = (
					"DEBUG=1",
					"$(inherited)",
				);
				GCC_WARN_64_TO_32_BIT_CONVERSION = YES;
				GCC_WARN_ABOUT_RETURN_TYPE = YES_ERROR;
				GCC_WARN_UNDECLARED_SELECTOR = YES;
				GCC_WARN_UNINITIALIZED_AUTOS = YES_AGGRESSIVE;
				GCC_WARN_UNUSED_FUNCTION = YES;
				GCC_WARN_UNUSED_VARIABLE = YES;
				MACOSX_DEPLOYMENT_TARGET = 12.3;
				MTL_ENABLE_DEBUG_INFO = INCLUDE_SOURCE;
				MTL_FAST_MATH = YES;
				ONLY_ACTIVE_ARCH = YES;
				SDKROOT = macosx;
				SWIFT_ACTIVE_COMPILATION_CONDITIONS = DEBUG;
				SWIFT_OPTIMIZATION_LEVEL = "-Onone";
			};
			name = Debug;
		};
		DAB35427288E344900746490 /* Release */ = {
			isa = XCBuildConfiguration;
			buildSettings = {
				ALWAYS_SEARCH_USER_PATHS = NO;
				CLANG_ANALYZER_NONNULL = YES;
				CLANG_ANALYZER_NUMBER_OBJECT_CONVERSION = YES_AGGRESSIVE;
				CLANG_CXX_LANGUAGE_STANDARD = "gnu++17";
				CLANG_ENABLE_MODULES = YES;
				CLANG_ENABLE_OBJC_ARC = YES;
				CLANG_ENABLE_OBJC_WEAK = YES;
				CLANG_WARN_BLOCK_CAPTURE_AUTORELEASING = YES;
				CLANG_WARN_BOOL_CONVERSION = YES;
				CLANG_WARN_COMMA = YES;
				CLANG_WARN_CONSTANT_CONVERSION = YES;
				CLANG_WARN_DEPRECATED_OBJC_IMPLEMENTATIONS = YES;
				CLANG_WARN_DIRECT_OBJC_ISA_USAGE = YES_ERROR;
				CLANG_WARN_DOCUMENTATION_COMMENTS = YES;
				CLANG_WARN_EMPTY_BODY = YES;
				CLANG_WARN_ENUM_CONVERSION = YES;
				CLANG_WARN_INFINITE_RECURSION = YES;
				CLANG_WARN_INT_CONVERSION = YES;
				CLANG_WARN_NON_LITERAL_NULL_CONVERSION = YES;
				CLANG_WARN_OBJC_IMPLICIT_RETAIN_SELF = YES;
				CLANG_WARN_OBJC_LITERAL_CONVERSION = YES;
				CLANG_WARN_OBJC_ROOT_CLASS = YES_ERROR;
				CLANG_WARN_QUOTED_INCLUDE_IN_FRAMEWORK_HEADER = YES;
				CLANG_WARN_RANGE_LOOP_ANALYSIS = YES;
				CLANG_WARN_STRICT_PROTOTYPES = YES;
				CLANG_WARN_SUSPICIOUS_MOVE = YES;
				CLANG_WARN_UNGUARDED_AVAILABILITY = YES_AGGRESSIVE;
				CLANG_WARN_UNREACHABLE_CODE = YES;
				CLANG_WARN__DUPLICATE_METHOD_MATCH = YES;
				COPY_PHASE_STRIP = NO;
				DEBUG_INFORMATION_FORMAT = "dwarf-with-dsym";
				ENABLE_NS_ASSERTIONS = NO;
				ENABLE_STRICT_OBJC_MSGSEND = YES;
				GCC_C_LANGUAGE_STANDARD = gnu11;
				GCC_NO_COMMON_BLOCKS = YES;
				GCC_WARN_64_TO_32_BIT_CONVERSION = YES;
				GCC_WARN_ABOUT_RETURN_TYPE = YES_ERROR;
				GCC_WARN_UNDECLARED_SELECTOR = YES;
				GCC_WARN_UNINITIALIZED_AUTOS = YES_AGGRESSIVE;
				GCC_WARN_UNUSED_FUNCTION = YES;
				GCC_WARN_UNUSED_VARIABLE = YES;
				MACOSX_DEPLOYMENT_TARGET = 12.3;
				MTL_ENABLE_DEBUG_INFO = NO;
				MTL_FAST_MATH = YES;
				SDKROOT = macosx;
				SWIFT_COMPILATION_MODE = wholemodule;
				SWIFT_OPTIMIZATION_LEVEL = "-O";
			};
			name = Release;
		};
		DAB35429288E344900746490 /* Debug */ = {
			isa = XCBuildConfiguration;
			buildSettings = {
				ASSETCATALOG_COMPILER_APPICON_NAME = AppIcon;
				ASSETCATALOG_COMPILER_GLOBAL_ACCENT_COLOR_NAME = AccentColor;
				CODE_SIGN_ENTITLEMENTS = Express/Express.entitlements;
				CODE_SIGN_STYLE = Automatic;
				COMBINE_HIDPI_IMAGES = YES;
				CURRENT_PROJECT_VERSION = 1;
				DEVELOPMENT_ASSET_PATHS = "\"Express/Preview Content\"";
				DEVELOPMENT_TEAM = 67Y4NSLDQ3;
				ENABLE_HARDENED_RUNTIME = YES;
				ENABLE_PREVIEWS = YES;
				GENERATE_INFOPLIST_FILE = YES;
				INFOPLIST_KEY_NSHumanReadableCopyright = "";
				LD_RUNPATH_SEARCH_PATHS = (
					"$(inherited)",
					"@executable_path/../Frameworks",
				);
				MARKETING_VERSION = 1.0;
				PRODUCT_BUNDLE_IDENTIFIER = org.OperatorFoundation.Express;
				PRODUCT_NAME = "$(TARGET_NAME)";
				SWIFT_EMIT_LOC_STRINGS = YES;
				SWIFT_VERSION = 5.0;
			};
			name = Debug;
		};
		DAB3542A288E344900746490 /* Release */ = {
			isa = XCBuildConfiguration;
			buildSettings = {
				ASSETCATALOG_COMPILER_APPICON_NAME = AppIcon;
				ASSETCATALOG_COMPILER_GLOBAL_ACCENT_COLOR_NAME = AccentColor;
				CODE_SIGN_ENTITLEMENTS = Express/Express.entitlements;
				CODE_SIGN_STYLE = Automatic;
				COMBINE_HIDPI_IMAGES = YES;
				CURRENT_PROJECT_VERSION = 1;
				DEVELOPMENT_ASSET_PATHS = "\"Express/Preview Content\"";
				DEVELOPMENT_TEAM = 67Y4NSLDQ3;
				ENABLE_HARDENED_RUNTIME = YES;
				ENABLE_PREVIEWS = YES;
				GENERATE_INFOPLIST_FILE = YES;
				INFOPLIST_KEY_NSHumanReadableCopyright = "";
				LD_RUNPATH_SEARCH_PATHS = (
					"$(inherited)",
					"@executable_path/../Frameworks",
				);
				MARKETING_VERSION = 1.0;
				PRODUCT_BUNDLE_IDENTIFIER = org.OperatorFoundation.Express;
				PRODUCT_NAME = "$(TARGET_NAME)";
				SWIFT_EMIT_LOC_STRINGS = YES;
				SWIFT_VERSION = 5.0;
			};
			name = Release;
		};
/* End XCBuildConfiguration section */

/* Begin XCConfigurationList section */
		DAB35414288E344800746490 /* Build configuration list for PBXProject "Express" */ = {
			isa = XCConfigurationList;
			buildConfigurations = (
				DAB35426288E344900746490 /* Debug */,
				DAB35427288E344900746490 /* Release */,
			);
			defaultConfigurationIsVisible = 0;
			defaultConfigurationName = Release;
		};
		DAB35428288E344900746490 /* Build configuration list for PBXNativeTarget "Express" */ = {
			isa = XCConfigurationList;
			buildConfigurations = (
				DAB35429288E344900746490 /* Debug */,
				DAB3542A288E344900746490 /* Release */,
			);
			defaultConfigurationIsVisible = 0;
			defaultConfigurationName = Release;
		};
/* End XCConfigurationList section */

/* Begin XCRemoteSwiftPackageReference section */
		DAB35430288F3A0D00746490 /* XCRemoteSwiftPackageReference "SwiftHexTools" */ = {
			isa = XCRemoteSwiftPackageReference;
			repositoryURL = "https://github.com/OperatorFoundation/SwiftHexTools";
			requirement = {
				branch = main;
				kind = branch;
			};
		};
		DAB35433288F3A2A00746490 /* XCRemoteSwiftPackageReference "Gardener" */ = {
			isa = XCRemoteSwiftPackageReference;
			repositoryURL = "https://github.com/OperatorFoundation/Gardener";
			requirement = {
				branch = main;
				kind = branch;
			};
		};
		DAB35436288F3A4400746490 /* XCRemoteSwiftPackageReference "fluent-sqlite-driver" */ = {
			isa = XCRemoteSwiftPackageReference;
			repositoryURL = "https://github.com/vapor/fluent-sqlite-driver.git";
			requirement = {
				kind = upToNextMajorVersion;
				minimumVersion = 4.0.0;
			};
		};
		DAB35439288F3A6500746490 /* XCRemoteSwiftPackageReference "fluent" */ = {
			isa = XCRemoteSwiftPackageReference;
			repositoryURL = "https://github.com/vapor/fluent.git";
			requirement = {
				kind = upToNextMajorVersion;
				minimumVersion = 4.0.0;
			};
		};
		DAB3543C288F3A6E00746490 /* XCRemoteSwiftPackageReference "Datable" */ = {
			isa = XCRemoteSwiftPackageReference;
			repositoryURL = "https://github.com/OperatorFoundation/Datable";
			requirement = {
				branch = main;
				kind = branch;
			};
		};
/* End XCRemoteSwiftPackageReference section */

/* Begin XCSwiftPackageProductDependency section */
		DAB35431288F3A0D00746490 /* SwiftHexTools */ = {
			isa = XCSwiftPackageProductDependency;
			package = DAB35430288F3A0D00746490 /* XCRemoteSwiftPackageReference "SwiftHexTools" */;
			productName = SwiftHexTools;
		};
		DAB35434288F3A2A00746490 /* Gardener */ = {
			isa = XCSwiftPackageProductDependency;
			package = DAB35433288F3A2A00746490 /* XCRemoteSwiftPackageReference "Gardener" */;
			productName = Gardener;
		};
		DAB35437288F3A4400746490 /* FluentSQLiteDriver */ = {
			isa = XCSwiftPackageProductDependency;
			package = DAB35436288F3A4400746490 /* XCRemoteSwiftPackageReference "fluent-sqlite-driver" */;
			productName = FluentSQLiteDriver;
		};
		DAB3543A288F3A6500746490 /* Fluent */ = {
			isa = XCSwiftPackageProductDependency;
			package = DAB35439288F3A6500746490 /* XCRemoteSwiftPackageReference "fluent" */;
			productName = Fluent;
		};
		DAB3543D288F3A6E00746490 /* Datable */ = {
			isa = XCSwiftPackageProductDependency;
			package = DAB3543C288F3A6E00746490 /* XCRemoteSwiftPackageReference "Datable" */;
			productName = Datable;
		};
/* End XCSwiftPackageProductDependency section */
	};
	rootObject = DAB35411288E344800746490 /* Project object */;
}
